
Microsoft Visual Studio Solution File, Format Version 12.00
# Visual Studio 15
VisualStudioVersion = 15.0.28010.2046
MinimumVisualStudioVersion = 10.0.40219.1
Project("{FAE04EC0-301F-11D3-BF4B-00C04F79EFBC}") = "Versus.Android", "Versus\Versus.Android\Versus.Android.csproj", "{A6FDB616-2076-4196-866C-EC1F5F0689D2}"
EndProject
Project("{FAE04EC0-301F-11D3-BF4B-00C04F79EFBC}") = "Versus.iOS", "Versus\Versus.iOS\Versus.iOS.csproj", "{59393FF2-9C6F-433C-A83B-E8A4A68F532F}"
EndProject
Project("{FAE04EC0-301F-11D3-BF4B-00C04F79EFBC}") = "Versus", "Versus\Versus\Versus.csproj", "{1CE8A1CE-5DC9-485C-B182-F9FCA9CCA844}"
EndProject
Global
	GlobalSection(SolutionConfigurationPlatforms) = preSolution
		Ad-Hoc|Any CPU = Ad-Hoc|Any CPU
		Ad-Hoc|iPhone = Ad-Hoc|iPhone
		Ad-Hoc|iPhoneSimulator = Ad-Hoc|iPhoneSimulator
		AppStore|Any CPU = AppStore|Any CPU
		AppStore|iPhone = AppStore|iPhone
		AppStore|iPhoneSimulator = AppStore|iPhoneSimulator
		Debug|Any CPU = Debug|Any CPU
		Debug|iPhone = Debug|iPhone
		Debug|iPhoneSimulator = Debug|iPhoneSimulator
		Release|Any CPU = Release|Any CPU
		Release|iPhone = Release|iPhone
		Release|iPhoneSimulator = Release|iPhoneSimulator
	EndGlobalSection
	GlobalSection(ProjectConfigurationPlatforms) = postSolution
		{A6FDB616-2076-4196-866C-EC1F5F0689D2}.Ad-Hoc|Any CPU.ActiveCfg = Release|Any CPU
		{A6FDB616-2076-4196-866C-EC1F5F0689D2}.Ad-Hoc|Any CPU.Build.0 = Release|Any CPU
		{A6FDB616-2076-4196-866C-EC1F5F0689D2}.Ad-Hoc|Any CPU.Deploy.0 = Release|Any CPU
		{A6FDB616-2076-4196-866C-EC1F5F0689D2}.Ad-Hoc|iPhone.ActiveCfg = Release|Any CPU
		{A6FDB616-2076-4196-866C-EC1F5F0689D2}.Ad-Hoc|iPhone.Build.0 = Release|Any CPU
		{A6FDB616-2076-4196-866C-EC1F5F0689D2}.Ad-Hoc|iPhone.Deploy.0 = Release|Any CPU
		{A6FDB616-2076-4196-866C-EC1F5F0689D2}.Ad-Hoc|iPhoneSimulator.ActiveCfg = Release|Any CPU
		{A6FDB616-2076-4196-866C-EC1F5F0689D2}.Ad-Hoc|iPhoneSimulator.Build.0 = Release|Any CPU
		{A6FDB616-2076-4196-866C-EC1F5F0689D2}.Ad-Hoc|iPhoneSimulator.Deploy.0 = Release|Any CPU
		{A6FDB616-2076-4196-866C-EC1F5F0689D2}.AppStore|Any CPU.ActiveCfg = Release|Any CPU
		{A6FDB616-2076-4196-866C-EC1F5F0689D2}.AppStore|Any CPU.Build.0 = Release|Any CPU
		{A6FDB616-2076-4196-866C-EC1F5F0689D2}.AppStore|Any CPU.Deploy.0 = Release|Any CPU
		{A6FDB616-2076-4196-866C-EC1F5F0689D2}.AppStore|iPhone.ActiveCfg = Release|Any CPU
		{A6FDB616-2076-4196-866C-EC1F5F0689D2}.AppStore|iPhone.Build.0 = Release|Any CPU
		{A6FDB616-2076-4196-866C-EC1F5F0689D2}.AppStore|iPhone.Deploy.0 = Release|Any CPU
		{A6FDB616-2076-4196-866C-EC1F5F0689D2}.AppStore|iPhoneSimulator.ActiveCfg = Release|Any CPU
		{A6FDB616-2076-4196-866C-EC1F5F0689D2}.AppStore|iPhoneSimulator.Build.0 = Release|Any CPU
		{A6FDB616-2076-4196-866C-EC1F5F0689D2}.AppStore|iPhoneSimulator.Deploy.0 = Release|Any CPU
		{A6FDB616-2076-4196-866C-EC1F5F0689D2}.Debug|Any CPU.ActiveCfg = Debug|Any CPU
		{A6FDB616-2076-4196-866C-EC1F5F0689D2}.Debug|Any CPU.Build.0 = Debug|Any CPU
		{A6FDB616-2076-4196-866C-EC1F5F0689D2}.Debug|Any CPU.Deploy.0 = Debug|Any CPU
		{A6FDB616-2076-4196-866C-EC1F5F0689D2}.Debug|iPhone.ActiveCfg = Debug|Any CPU
		{A6FDB616-2076-4196-866C-EC1F5F0689D2}.Debug|iPhone.Build.0 = Debug|Any CPU
		{A6FDB616-2076-4196-866C-EC1F5F0689D2}.Debug|iPhone.Deploy.0 = Debug|Any CPU
		{A6FDB616-2076-4196-866C-EC1F5F0689D2}.Debug|iPhoneSimulator.ActiveCfg = Debug|Any CPU
		{A6FDB616-2076-4196-866C-EC1F5F0689D2}.Debug|iPhoneSimulator.Build.0 = Debug|Any CPU
		{A6FDB616-2076-4196-866C-EC1F5F0689D2}.Debug|iPhoneSimulator.Deploy.0 = Debug|Any CPU
		{A6FDB616-2076-4196-866C-EC1F5F0689D2}.Release|Any CPU.ActiveCfg = Release|Any CPU
		{A6FDB616-2076-4196-866C-EC1F5F0689D2}.Release|Any CPU.Build.0 = Release|Any CPU
		{A6FDB616-2076-4196-866C-EC1F5F0689D2}.Release|Any CPU.Deploy.0 = Release|Any CPU
		{A6FDB616-2076-4196-866C-EC1F5F0689D2}.Release|iPhone.ActiveCfg = Release|Any CPU
		{A6FDB616-2076-4196-866C-EC1F5F0689D2}.Release|iPhone.Build.0 = Release|Any CPU
		{A6FDB616-2076-4196-866C-EC1F5F0689D2}.Release|iPhone.Deploy.0 = Release|Any CPU
		{A6FDB616-2076-4196-866C-EC1F5F0689D2}.Release|iPhoneSimulator.ActiveCfg = Release|Any CPU
		{A6FDB616-2076-4196-866C-EC1F5F0689D2}.Release|iPhoneSimulator.Build.0 = Release|Any CPU
		{A6FDB616-2076-4196-866C-EC1F5F0689D2}.Release|iPhoneSimulator.Deploy.0 = Release|Any CPU
		{59393FF2-9C6F-433C-A83B-E8A4A68F532F}.Ad-Hoc|Any CPU.ActiveCfg = Ad-Hoc|iPhone
		{59393FF2-9C6F-433C-A83B-E8A4A68F532F}.Ad-Hoc|Any CPU.Build.0 = Ad-Hoc|iPhone
		{59393FF2-9C6F-433C-A83B-E8A4A68F532F}.Ad-Hoc|Any CPU.Deploy.0 = Ad-Hoc|iPhone
		{59393FF2-9C6F-433C-A83B-E8A4A68F532F}.Ad-Hoc|iPhone.ActiveCfg = Ad-Hoc|iPhone
		{59393FF2-9C6F-433C-A83B-E8A4A68F532F}.Ad-Hoc|iPhone.Build.0 = Ad-Hoc|iPhone
		{59393FF2-9C6F-433C-A83B-E8A4A68F532F}.Ad-Hoc|iPhone.Deploy.0 = Ad-Hoc|iPhone
		{59393FF2-9C6F-433C-A83B-E8A4A68F532F}.Ad-Hoc|iPhoneSimulator.ActiveCfg = Ad-Hoc|iPhoneSimulator
		{59393FF2-9C6F-433C-A83B-E8A4A68F532F}.Ad-Hoc|iPhoneSimulator.Build.0 = Ad-Hoc|iPhoneSimulator
		{59393FF2-9C6F-433C-A83B-E8A4A68F532F}.Ad-Hoc|iPhoneSimulator.Deploy.0 = Ad-Hoc|iPhoneSimulator
		{59393FF2-9C6F-433C-A83B-E8A4A68F532F}.AppStore|Any CPU.ActiveCfg = AppStore|iPhone
		{59393FF2-9C6F-433C-A83B-E8A4A68F532F}.AppStore|Any CPU.Build.0 = AppStore|iPhone
		{59393FF2-9C6F-433C-A83B-E8A4A68F532F}.AppStore|Any CPU.Deploy.0 = AppStore|iPhone
		{59393FF2-9C6F-433C-A83B-E8A4A68F532F}.AppStore|iPhone.ActiveCfg = AppStore|iPhone
		{59393FF2-9C6F-433C-A83B-E8A4A68F532F}.AppStore|iPhone.Build.0 = AppStore|iPhone
		{59393FF2-9C6F-433C-A83B-E8A4A68F532F}.AppStore|iPhone.Deploy.0 = AppStore|iPhone
		{59393FF2-9C6F-433C-A83B-E8A4A68F532F}.AppStore|iPhoneSimulator.ActiveCfg = AppStore|iPhoneSimulator
		{59393FF2-9C6F-433C-A83B-E8A4A68F532F}.AppStore|iPhoneSimulator.Build.0 = AppStore|iPhoneSimulator
		{59393FF2-9C6F-433C-A83B-E8A4A68F532F}.AppStore|iPhoneSimulator.Deploy.0 = AppStore|iPhoneSimulator
		{59393FF2-9C6F-433C-A83B-E8A4A68F532F}.Debug|Any CPU.ActiveCfg = Debug|iPhoneSimulator
		{59393FF2-9C6F-433C-A83B-E8A4A68F532F}.Debug|Any CPU.Build.0 = Debug|iPhoneSimulator
		{59393FF2-9C6F-433C-A83B-E8A4A68F532F}.Debug|Any CPU.Deploy.0 = Debug|iPhoneSimulator
		{59393FF2-9C6F-433C-A83B-E8A4A68F532F}.Debug|iPhone.ActiveCfg = Debug|iPhone
		{59393FF2-9C6F-433C-A83B-E8A4A68F532F}.Debug|iPhone.Build.0 = Debug|iPhone
		{59393FF2-9C6F-433C-A83B-E8A4A68F532F}.Debug|iPhone.Deploy.0 = Debug|iPhone
		{59393FF2-9C6F-433C-A83B-E8A4A68F532F}.Debug|iPhoneSimulator.ActiveCfg = Debug|iPhoneSimulator
		{59393FF2-9C6F-433C-A83B-E8A4A68F532F}.Debug|iPhoneSimulator.Build.0 = Debug|iPhoneSimulator
		{59393FF2-9C6F-433C-A83B-E8A4A68F532F}.Debug|iPhoneSimulator.Deploy.0 = Debug|iPhoneSimulator
		{59393FF2-9C6F-433C-A83B-E8A4A68F532F}.Release|Any CPU.ActiveCfg = Release|iPhone
		{59393FF2-9C6F-433C-A83B-E8A4A68F532F}.Release|Any CPU.Build.0 = Release|iPhone
		{59393FF2-9C6F-433C-A83B-E8A4A68F532F}.Release|Any CPU.Deploy.0 = Release|iPhone
		{59393FF2-9C6F-433C-A83B-E8A4A68F532F}.Release|iPhone.ActiveCfg = Release|iPhone
		{59393FF2-9C6F-433C-A83B-E8A4A68F532F}.Release|iPhone.Build.0 = Release|iPhone
		{59393FF2-9C6F-433C-A83B-E8A4A68F532F}.Release|iPhone.Deploy.0 = Release|iPhone
		{59393FF2-9C6F-433C-A83B-E8A4A68F532F}.Release|iPhoneSimulator.ActiveCfg = Release|iPhoneSimulator
		{59393FF2-9C6F-433C-A83B-E8A4A68F532F}.Release|iPhoneSimulator.Build.0 = Release|iPhoneSimulator
		{59393FF2-9C6F-433C-A83B-E8A4A68F532F}.Release|iPhoneSimulator.Deploy.0 = Release|iPhoneSimulator
		{1CE8A1CE-5DC9-485C-B182-F9FCA9CCA844}.Ad-Hoc|Any CPU.ActiveCfg = Debug|Any CPU
		{1CE8A1CE-5DC9-485C-B182-F9FCA9CCA844}.Ad-Hoc|Any CPU.Build.0 = Debug|Any CPU
		{1CE8A1CE-5DC9-485C-B182-F9FCA9CCA844}.Ad-Hoc|Any CPU.Deploy.0 = Debug|Any CPU
		{1CE8A1CE-5DC9-485C-B182-F9FCA9CCA844}.Ad-Hoc|iPhone.ActiveCfg = Debug|Any CPU
		{1CE8A1CE-5DC9-485C-B182-F9FCA9CCA844}.Ad-Hoc|iPhone.Build.0 = Debug|Any CPU
		{1CE8A1CE-5DC9-485C-B182-F9FCA9CCA844}.Ad-Hoc|iPhone.Deploy.0 = Debug|Any CPU
		{1CE8A1CE-5DC9-485C-B182-F9FCA9CCA844}.Ad-Hoc|iPhoneSimulator.ActiveCfg = Debug|Any CPU
		{1CE8A1CE-5DC9-485C-B182-F9FCA9CCA844}.Ad-Hoc|iPhoneSimulator.Build.0 = Debug|Any CPU
		{1CE8A1CE-5DC9-485C-B182-F9FCA9CCA844}.Ad-Hoc|iPhoneSimulator.Deploy.0 = Debug|Any CPU
		{1CE8A1CE-5DC9-485C-B182-F9FCA9CCA844}.AppStore|Any CPU.ActiveCfg = Debug|Any CPU
		{1CE8A1CE-5DC9-485C-B182-F9FCA9CCA844}.AppStore|Any CPU.Build.0 = Debug|Any CPU
		{1CE8A1CE-5DC9-485C-B182-F9FCA9CCA844}.AppStore|Any CPU.Deploy.0 = Debug|Any CPU
		{1CE8A1CE-5DC9-485C-B182-F9FCA9CCA844}.AppStore|iPhone.ActiveCfg = Debug|Any CPU
		{1CE8A1CE-5DC9-485C-B182-F9FCA9CCA844}.AppStore|iPhone.Build.0 = Debug|Any CPU
		{1CE8A1CE-5DC9-485C-B182-F9FCA9CCA844}.AppStore|iPhone.Deploy.0 = Debug|Any CPU
		{1CE8A1CE-5DC9-485C-B182-F9FCA9CCA844}.AppStore|iPhoneSimulator.ActiveCfg = Debug|Any CPU
		{1CE8A1CE-5DC9-485C-B182-F9FCA9CCA844}.AppStore|iPhoneSimulator.Build.0 = Debug|Any CPU
		{1CE8A1CE-5DC9-485C-B182-F9FCA9CCA844}.AppStore|iPhoneSimulator.Deploy.0 = Debug|Any CPU
		{1CE8A1CE-5DC9-485C-B182-F9FCA9CCA844}.Debug|Any CPU.ActiveCfg = Debug|Any CPU
		{1CE8A1CE-5DC9-485C-B182-F9FCA9CCA844}.Debug|Any CPU.Build.0 = Debug|Any CPU
		{1CE8A1CE-5DC9-485C-B182-F9FCA9CCA844}.Debug|Any CPU.Deploy.0 = Debug|Any CPU
		{1CE8A1CE-5DC9-485C-B182-F9FCA9CCA844}.Debug|iPhone.ActiveCfg = Debug|Any CPU
		{1CE8A1CE-5DC9-485C-B182-F9FCA9CCA844}.Debug|iPhone.Build.0 = Debug|Any CPU
		{1CE8A1CE-5DC9-485C-B182-F9FCA9CCA844}.Debug|iPhone.Deploy.0 = Debug|Any CPU
		{1CE8A1CE-5DC9-485C-B182-F9FCA9CCA844}.Debug|iPhoneSimulator.ActiveCfg = Debug|Any CPU
		{1CE8A1CE-5DC9-485C-B182-F9FCA9CCA844}.Debug|iPhoneSimulator.Build.0 = Debug|Any CPU
		{1CE8A1CE-5DC9-485C-B182-F9FCA9CCA844}.Debug|iPhoneSimulator.Deploy.0 = Debug|Any CPU
		{1CE8A1CE-5DC9-485C-B182-F9FCA9CCA844}.Release|Any CPU.ActiveCfg = Release|Any CPU
		{1CE8A1CE-5DC9-485C-B182-F9FCA9CCA844}.Release|Any CPU.Build.0 = Release|Any CPU
		{1CE8A1CE-5DC9-485C-B182-F9FCA9CCA844}.Release|Any CPU.Deploy.0 = Release|Any CPU
		{1CE8A1CE-5DC9-485C-B182-F9FCA9CCA844}.Release|iPhone.ActiveCfg = Release|Any CPU
		{1CE8A1CE-5DC9-485C-B182-F9FCA9CCA844}.Release|iPhone.Build.0 = Release|Any CPU
		{1CE8A1CE-5DC9-485C-B182-F9FCA9CCA844}.Release|iPhone.Deploy.0 = Release|Any CPU
		{1CE8A1CE-5DC9-485C-B182-F9FCA9CCA844}.Release|iPhoneSimulator.ActiveCfg = Release|Any CPU
		{1CE8A1CE-5DC9-485C-B182-F9FCA9CCA844}.Release|iPhoneSimulator.Build.0 = Release|Any CPU
		{1CE8A1CE-5DC9-485C-B182-F9FCA9CCA844}.Release|iPhoneSimulator.Deploy.0 = Release|Any CPU
	EndGlobalSection
	GlobalSection(SolutionProperties) = preSolution
		HideSolutionNode = FALSE
	EndGlobalSection
	GlobalSection(ExtensibilityGlobals) = postSolution
		SolutionGuid = {307DAF12-F68B-491D-996B-62A0BFB757FE}
	EndGlobalSection
EndGlobal
